
Microsoft Visual Studio Solution File, Format Version 12.00
# Visual Studio 2013
VisualStudioVersion = 12.0.30501.0
MinimumVisualStudioVersion = 10.0.40219.1
Project("{FAE04EC0-301F-11D3-BF4B-00C04F79EFBC}") = "OpenStatesApi", "OpenStatesApi\OpenStatesApi.csproj", "{B016C9C2-71E7-4A84-A31F-E6A90C70E8B1}"
EndProject
Project("{FAE04EC0-301F-11D3-BF4B-00C04F79EFBC}") = "OpenStatesApi.Tests", "OpenStatesApi.Tests\OpenStatesApi.Tests.csproj", "{53EE5FD1-6C5A-43C1-AE4C-6AE7F4223FB7}"
EndProject
Project("{2150E333-8FDC-42A3-9474-1A3956D46DE8}") = ".nuget", ".nuget", "{A29307CA-E375-4B07-8A70-118DAC0188F7}"
	ProjectSection(SolutionItems) = preProject
		.nuget\NuGet.Config = .nuget\NuGet.Config
		.nuget\NuGet.exe = .nuget\NuGet.exe
		.nuget\NuGet.targets = .nuget\NuGet.targets
	EndProjectSection
EndProject
Global
	GlobalSection(SolutionConfigurationPlatforms) = preSolution
		Debug|Any CPU = Debug|Any CPU
		Release|Any CPU = Release|Any CPU
	EndGlobalSection
	GlobalSection(ProjectConfigurationPlatforms) = postSolution
		{B016C9C2-71E7-4A84-A31F-E6A90C70E8B1}.Debug|Any CPU.ActiveCfg = Debug|Any CPU
		{B016C9C2-71E7-4A84-A31F-E6A90C70E8B1}.Debug|Any CPU.Build.0 = Debug|Any CPU
		{B016C9C2-71E7-4A84-A31F-E6A90C70E8B1}.Release|Any CPU.ActiveCfg = Release|Any CPU
		{B016C9C2-71E7-4A84-A31F-E6A90C70E8B1}.Release|Any CPU.Build.0 = Release|Any CPU
		{53EE5FD1-6C5A-43C1-AE4C-6AE7F4223FB7}.Debug|Any CPU.ActiveCfg = Debug|Any CPU
		{53EE5FD1-6C5A-43C1-AE4C-6AE7F4223FB7}.Debug|Any CPU.Build.0 = Debug|Any CPU
		{53EE5FD1-6C5A-43C1-AE4C-6AE7F4223FB7}.Release|Any CPU.ActiveCfg = Release|Any CPU
		{53EE5FD1-6C5A-43C1-AE4C-6AE7F4223FB7}.Release|Any CPU.Build.0 = Release|Any CPU
	EndGlobalSection
	GlobalSection(SolutionProperties) = preSolution
		HideSolutionNode = FALSE
	EndGlobalSection
EndGlobal
